// !$*UTF8*$!
{
	archiveVersion = 1;
	classes = {
	};
	objectVersion = 51;
	objects = {

/* Begin PBXBuildFile section */
		02FC2915DEB7CB7072370C12 /* Pods_MyMoview.framework in Frameworks */ = {isa = PBXBuildFile; fileRef = 3D7DBD1D8DBB35C3935DD832 /* Pods_MyMoview.framework */; };
		3B2A03F14BCA07DEE2631EB7 /* Pods_MyMoview_MyMoviewUITests.framework in Frameworks */ = {isa = PBXBuildFile; fileRef = F3E5C099C87B2B048EBF876C /* Pods_MyMoview_MyMoviewUITests.framework */; };
		658E71A6267E1A9500EA5E3D /* PersonViewController.swift in Sources */ = {isa = PBXBuildFile; fileRef = 658E71A5267E1A9500EA5E3D /* PersonViewController.swift */; };
		658E71A8267E21C000EA5E3D /* PersonViewControllerTest.swift in Sources */ = {isa = PBXBuildFile; fileRef = 658E71A7267E21C000EA5E3D /* PersonViewControllerTest.swift */; };
		658E71AA267E233D00EA5E3D /* PersonViewControllerMock.swift in Sources */ = {isa = PBXBuildFile; fileRef = 658E71A9267E233D00EA5E3D /* PersonViewControllerMock.swift */; };
		65A8BA6426905FC300252E33 /* MyPage.swift in Sources */ = {isa = PBXBuildFile; fileRef = 65A8BA6326905FC300252E33 /* MyPage.swift */; };
		65A8BA6926907D4B00252E33 /* userModel.swift in Sources */ = {isa = PBXBuildFile; fileRef = 65A8BA6826907D4B00252E33 /* userModel.swift */; };
		65F3BB4B2676296F0071A673 /* AppDelegate.swift in Sources */ = {isa = PBXBuildFile; fileRef = 65F3BB4A2676296F0071A673 /* AppDelegate.swift */; };
		65F3BB522676296F0071A673 /* Main.storyboard in Resources */ = {isa = PBXBuildFile; fileRef = 65F3BB502676296F0071A673 /* Main.storyboard */; };
		65F3BB542676297D0071A673 /* Assets.xcassets in Resources */ = {isa = PBXBuildFile; fileRef = 65F3BB532676297D0071A673 /* Assets.xcassets */; };
		65F3BB572676297D0071A673 /* LaunchScreen.storyboard in Resources */ = {isa = PBXBuildFile; fileRef = 65F3BB552676297D0071A673 /* LaunchScreen.storyboard */; };
		65F3BB622676297E0071A673 /* MyMoviewTests.swift in Sources */ = {isa = PBXBuildFile; fileRef = 65F3BB612676297E0071A673 /* MyMoviewTests.swift */; };
		65F3BB6D2676297E0071A673 /* MyMoviewUITests.swift in Sources */ = {isa = PBXBuildFile; fileRef = 65F3BB6C2676297E0071A673 /* MyMoviewUITests.swift */; };
		65F3BB7B26762AB60071A673 /* MoviesTableViewController.swift in Sources */ = {isa = PBXBuildFile; fileRef = 65F3BB7A26762AB60071A673 /* MoviesTableViewController.swift */; };
		65F3BB7E267634E10071A673 /* MoviewTableViewControllerMock.swift in Sources */ = {isa = PBXBuildFile; fileRef = 65F3BB7D267634E10071A673 /* MoviewTableViewControllerMock.swift */; };
		68B44CE58A2B458F2B65E247 /* Pods_MyMoviewTests.framework in Frameworks */ = {isa = PBXBuildFile; fileRef = 50FC4221B8A4A6BDBA448F34 /* Pods_MyMoviewTests.framework */; };
/* End PBXBuildFile section */

/* Begin PBXContainerItemProxy section */
		65F3BB5E2676297E0071A673 /* PBXContainerItemProxy */ = {
			isa = PBXContainerItemProxy;
			containerPortal = 65F3BB3F2676296E0071A673 /* Project object */;
			proxyType = 1;
			remoteGlobalIDString = 65F3BB462676296E0071A673;
			remoteInfo = MyMoview;
		};
		65F3BB692676297E0071A673 /* PBXContainerItemProxy */ = {
			isa = PBXContainerItemProxy;
			containerPortal = 65F3BB3F2676296E0071A673 /* Project object */;
			proxyType = 1;
			remoteGlobalIDString = 65F3BB462676296E0071A673;
			remoteInfo = MyMoview;
		};
/* End PBXContainerItemProxy section */

/* Begin PBXFileReference section */
		119FDDCABE7EB7C138781DD5 /* Pods-MyMoviewTests.release.xcconfig */ = {isa = PBXFileReference; includeInIndex = 1; lastKnownFileType = text.xcconfig; name = "Pods-MyMoviewTests.release.xcconfig"; path = "Target Support Files/Pods-MyMoviewTests/Pods-MyMoviewTests.release.xcconfig"; sourceTree = "<group>"; };
		3D7DBD1D8DBB35C3935DD832 /* Pods_MyMoview.framework */ = {isa = PBXFileReference; explicitFileType = wrapper.framework; includeInIndex = 0; path = Pods_MyMoview.framework; sourceTree = BUILT_PRODUCTS_DIR; };
		50FC4221B8A4A6BDBA448F34 /* Pods_MyMoviewTests.framework */ = {isa = PBXFileReference; explicitFileType = wrapper.framework; includeInIndex = 0; path = Pods_MyMoviewTests.framework; sourceTree = BUILT_PRODUCTS_DIR; };
		513E5E694FBBF11F91845832 /* Pods-MyMoviewTests.debug.xcconfig */ = {isa = PBXFileReference; includeInIndex = 1; lastKnownFileType = text.xcconfig; name = "Pods-MyMoviewTests.debug.xcconfig"; path = "Target Support Files/Pods-MyMoviewTests/Pods-MyMoviewTests.debug.xcconfig"; sourceTree = "<group>"; };
		658E71A5267E1A9500EA5E3D /* PersonViewController.swift */ = {isa = PBXFileReference; lastKnownFileType = sourcecode.swift; path = PersonViewController.swift; sourceTree = "<group>"; };
		658E71A7267E21C000EA5E3D /* PersonViewControllerTest.swift */ = {isa = PBXFileReference; lastKnownFileType = sourcecode.swift; path = PersonViewControllerTest.swift; sourceTree = "<group>"; };
		658E71A9267E233D00EA5E3D /* PersonViewControllerMock.swift */ = {isa = PBXFileReference; lastKnownFileType = sourcecode.swift; path = PersonViewControllerMock.swift; sourceTree = "<group>"; };
		65A8BA6326905FC300252E33 /* MyPage.swift */ = {isa = PBXFileReference; lastKnownFileType = sourcecode.swift; path = MyPage.swift; sourceTree = "<group>"; };
		65A8BA6826907D4B00252E33 /* userModel.swift */ = {isa = PBXFileReference; lastKnownFileType = sourcecode.swift; path = userModel.swift; sourceTree = "<group>"; };
		65F3BB472676296E0071A673 /* MyMoview.app */ = {isa = PBXFileReference; explicitFileType = wrapper.application; includeInIndex = 0; path = MyMoview.app; sourceTree = BUILT_PRODUCTS_DIR; };
		65F3BB4A2676296F0071A673 /* AppDelegate.swift */ = {isa = PBXFileReference; lastKnownFileType = sourcecode.swift; path = AppDelegate.swift; sourceTree = "<group>"; };
		65F3BB512676296F0071A673 /* Base */ = {isa = PBXFileReference; lastKnownFileType = file.storyboard; name = Base; path = Base.lproj/Main.storyboard; sourceTree = "<group>"; };
		65F3BB532676297D0071A673 /* Assets.xcassets */ = {isa = PBXFileReference; lastKnownFileType = folder.assetcatalog; path = Assets.xcassets; sourceTree = "<group>"; };
		65F3BB562676297D0071A673 /* Base */ = {isa = PBXFileReference; lastKnownFileType = file.storyboard; name = Base; path = Base.lproj/LaunchScreen.storyboard; sourceTree = "<group>"; };
		65F3BB582676297D0071A673 /* Info.plist */ = {isa = PBXFileReference; lastKnownFileType = text.plist.xml; path = Info.plist; sourceTree = "<group>"; };
		65F3BB5D2676297E0071A673 /* MyMoviewTests.xctest */ = {isa = PBXFileReference; explicitFileType = wrapper.cfbundle; includeInIndex = 0; path = MyMoviewTests.xctest; sourceTree = BUILT_PRODUCTS_DIR; };
		65F3BB612676297E0071A673 /* MyMoviewTests.swift */ = {isa = PBXFileReference; lastKnownFileType = sourcecode.swift; path = MyMoviewTests.swift; sourceTree = "<group>"; };
		65F3BB632676297E0071A673 /* Info.plist */ = {isa = PBXFileReference; lastKnownFileType = text.plist.xml; path = Info.plist; sourceTree = "<group>"; };
		65F3BB682676297E0071A673 /* MyMoviewUITests.xctest */ = {isa = PBXFileReference; explicitFileType = wrapper.cfbundle; includeInIndex = 0; path = MyMoviewUITests.xctest; sourceTree = BUILT_PRODUCTS_DIR; };
		65F3BB6C2676297E0071A673 /* MyMoviewUITests.swift */ = {isa = PBXFileReference; lastKnownFileType = sourcecode.swift; path = MyMoviewUITests.swift; sourceTree = "<group>"; };
		65F3BB6E2676297E0071A673 /* Info.plist */ = {isa = PBXFileReference; lastKnownFileType = text.plist.xml; path = Info.plist; sourceTree = "<group>"; };
		65F3BB7A26762AB60071A673 /* MoviesTableViewController.swift */ = {isa = PBXFileReference; lastKnownFileType = sourcecode.swift; path = MoviesTableViewController.swift; sourceTree = "<group>"; };
		65F3BB7D267634E10071A673 /* MoviewTableViewControllerMock.swift */ = {isa = PBXFileReference; lastKnownFileType = sourcecode.swift; path = MoviewTableViewControllerMock.swift; sourceTree = "<group>"; };
		703F0AB37BFFEEDB0DDC04A6 /* Pods-MyMoview-MyMoviewUITests.release.xcconfig */ = {isa = PBXFileReference; includeInIndex = 1; lastKnownFileType = text.xcconfig; name = "Pods-MyMoview-MyMoviewUITests.release.xcconfig"; path = "Target Support Files/Pods-MyMoview-MyMoviewUITests/Pods-MyMoview-MyMoviewUITests.release.xcconfig"; sourceTree = "<group>"; };
		CBB09E393F5E214F0C5E9DB9 /* Pods-MyMoview.release.xcconfig */ = {isa = PBXFileReference; includeInIndex = 1; lastKnownFileType = text.xcconfig; name = "Pods-MyMoview.release.xcconfig"; path = "Target Support Files/Pods-MyMoview/Pods-MyMoview.release.xcconfig"; sourceTree = "<group>"; };
		E6D020FB10F3E207E5CBB8A4 /* Pods-MyMoview-MyMoviewUITests.debug.xcconfig */ = {isa = PBXFileReference; includeInIndex = 1; lastKnownFileType = text.xcconfig; name = "Pods-MyMoview-MyMoviewUITests.debug.xcconfig"; path = "Target Support Files/Pods-MyMoview-MyMoviewUITests/Pods-MyMoview-MyMoviewUITests.debug.xcconfig"; sourceTree = "<group>"; };
		EEE3F0D0447B6EE43639A885 /* Pods-MyMoview.debug.xcconfig */ = {isa = PBXFileReference; includeInIndex = 1; lastKnownFileType = text.xcconfig; name = "Pods-MyMoview.debug.xcconfig"; path = "Target Support Files/Pods-MyMoview/Pods-MyMoview.debug.xcconfig"; sourceTree = "<group>"; };
		F3E5C099C87B2B048EBF876C /* Pods_MyMoview_MyMoviewUITests.framework */ = {isa = PBXFileReference; explicitFileType = wrapper.framework; includeInIndex = 0; path = Pods_MyMoview_MyMoviewUITests.framework; sourceTree = BUILT_PRODUCTS_DIR; };
/* End PBXFileReference section */

/* Begin PBXFrameworksBuildPhase section */
		65F3BB442676296E0071A673 /* Frameworks */ = {
			isa = PBXFrameworksBuildPhase;
			buildActionMask = 2147483647;
			files = (
				02FC2915DEB7CB7072370C12 /* Pods_MyMoview.framework in Frameworks */,
			);
			runOnlyForDeploymentPostprocessing = 0;
		};
		65F3BB5A2676297E0071A673 /* Frameworks */ = {
			isa = PBXFrameworksBuildPhase;
			buildActionMask = 2147483647;
			files = (
				68B44CE58A2B458F2B65E247 /* Pods_MyMoviewTests.framework in Frameworks */,
			);
			runOnlyForDeploymentPostprocessing = 0;
		};
		65F3BB652676297E0071A673 /* Frameworks */ = {
			isa = PBXFrameworksBuildPhase;
			buildActionMask = 2147483647;
			files = (
				3B2A03F14BCA07DEE2631EB7 /* Pods_MyMoview_MyMoviewUITests.framework in Frameworks */,
			);
			runOnlyForDeploymentPostprocessing = 0;
		};
/* End PBXFrameworksBuildPhase section */

/* Begin PBXGroup section */
		56C8D3E0710D768B13A4BDB4 /* Frameworks */ = {
			isa = PBXGroup;
			children = (
				3D7DBD1D8DBB35C3935DD832 /* Pods_MyMoview.framework */,
				F3E5C099C87B2B048EBF876C /* Pods_MyMoview_MyMoviewUITests.framework */,
				50FC4221B8A4A6BDBA448F34 /* Pods_MyMoviewTests.framework */,
			);
			name = Frameworks;
			sourceTree = "<group>";
		};
		65A8BA6226905FAE00252E33 /* my */ = {
			isa = PBXGroup;
			children = (
				65A8BA6326905FC300252E33 /* MyPage.swift */,
				65A8BA6826907D4B00252E33 /* userModel.swift */,
			);
			path = my;
			sourceTree = "<group>";
		};
		65F3BB3E2676296E0071A673 = {
			isa = PBXGroup;
			children = (
				65F3BB492676296F0071A673 /* MyMoview */,
				65F3BB602676297E0071A673 /* MyMoviewTests */,
				65F3BB6B2676297E0071A673 /* MyMoviewUITests */,
				65F3BB482676296E0071A673 /* Products */,
				B6BEBED2F10559C6487BF727 /* Pods */,
				56C8D3E0710D768B13A4BDB4 /* Frameworks */,
			);
			sourceTree = "<group>";
		};
		65F3BB482676296E0071A673 /* Products */ = {
			isa = PBXGroup;
			children = (
				65F3BB472676296E0071A673 /* MyMoview.app */,
				65F3BB5D2676297E0071A673 /* MyMoviewTests.xctest */,
				65F3BB682676297E0071A673 /* MyMoviewUITests.xctest */,
			);
			name = Products;
			sourceTree = "<group>";
		};
		65F3BB492676296F0071A673 /* MyMoview */ = {
			isa = PBXGroup;
			children = (
				65F3BB4A2676296F0071A673 /* AppDelegate.swift */,
				65F3BB7A26762AB60071A673 /* MoviesTableViewController.swift */,
				658E71A5267E1A9500EA5E3D /* PersonViewController.swift */,
				65A8BA6226905FAE00252E33 /* my */,
				65F3BB502676296F0071A673 /* Main.storyboard */,
				65F3BB532676297D0071A673 /* Assets.xcassets */,
				65F3BB552676297D0071A673 /* LaunchScreen.storyboard */,
				65F3BB582676297D0071A673 /* Info.plist */,
			);
			path = MyMoview;
			sourceTree = "<group>";
		};
		65F3BB602676297E0071A673 /* MyMoviewTests */ = {
			isa = PBXGroup;
			children = (
				65F3BB7C267634AE0071A673 /* Mock */,
				65F3BB612676297E0071A673 /* MyMoviewTests.swift */,
				658E71A7267E21C000EA5E3D /* PersonViewControllerTest.swift */,
				65F3BB632676297E0071A673 /* Info.plist */,
			);
			path = MyMoviewTests;
			sourceTree = "<group>";
		};
		65F3BB6B2676297E0071A673 /* MyMoviewUITests */ = {
			isa = PBXGroup;
			children = (
				65F3BB6C2676297E0071A673 /* MyMoviewUITests.swift */,
				65F3BB6E2676297E0071A673 /* Info.plist */,
			);
			path = MyMoviewUITests;
			sourceTree = "<group>";
		};
		65F3BB7C267634AE0071A673 /* Mock */ = {
			isa = PBXGroup;
			children = (
				65F3BB7D267634E10071A673 /* MoviewTableViewControllerMock.swift */,
				658E71A9267E233D00EA5E3D /* PersonViewControllerMock.swift */,
			);
			path = Mock;
			sourceTree = "<group>";
		};
		B6BEBED2F10559C6487BF727 /* Pods */ = {
			isa = PBXGroup;
			children = (
				EEE3F0D0447B6EE43639A885 /* Pods-MyMoview.debug.xcconfig */,
				CBB09E393F5E214F0C5E9DB9 /* Pods-MyMoview.release.xcconfig */,
				E6D020FB10F3E207E5CBB8A4 /* Pods-MyMoview-MyMoviewUITests.debug.xcconfig */,
				703F0AB37BFFEEDB0DDC04A6 /* Pods-MyMoview-MyMoviewUITests.release.xcconfig */,
				513E5E694FBBF11F91845832 /* Pods-MyMoviewTests.debug.xcconfig */,
				119FDDCABE7EB7C138781DD5 /* Pods-MyMoviewTests.release.xcconfig */,
			);
			path = Pods;
			sourceTree = "<group>";
		};
/* End PBXGroup section */

/* Begin PBXNativeTarget section */
		65F3BB462676296E0071A673 /* MyMoview */ = {
			isa = PBXNativeTarget;
			buildConfigurationList = 65F3BB712676297E0071A673 /* Build configuration list for PBXNativeTarget "MyMoview" */;
			buildPhases = (
				B2F8121F56FFC6F8865D9943 /* [CP] Check Pods Manifest.lock */,
				65F3BB432676296E0071A673 /* Sources */,
				65F3BB442676296E0071A673 /* Frameworks */,
				65F3BB452676296E0071A673 /* Resources */,
				4C190396CBA2EE78626DFC0D /* [CP] Embed Pods Frameworks */,
			);
			buildRules = (
			);
			dependencies = (
			);
			name = MyMoview;
			productName = MyMoview;
			productReference = 65F3BB472676296E0071A673 /* MyMoview.app */;
			productType = "com.apple.product-type.application";
		};
		65F3BB5C2676297E0071A673 /* MyMoviewTests */ = {
			isa = PBXNativeTarget;
			buildConfigurationList = 65F3BB742676297E0071A673 /* Build configuration list for PBXNativeTarget "MyMoviewTests" */;
			buildPhases = (
				E7F9E96BEA8646897F1CCA8C /* [CP] Check Pods Manifest.lock */,
				65F3BB592676297E0071A673 /* Sources */,
				65F3BB5A2676297E0071A673 /* Frameworks */,
				65F3BB5B2676297E0071A673 /* Resources */,
				2108CE0FDDC52E6F7A9BA31C /* [CP] Embed Pods Frameworks */,
			);
			buildRules = (
			);
			dependencies = (
				65F3BB5F2676297E0071A673 /* PBXTargetDependency */,
			);
			name = MyMoviewTests;
			productName = MyMoviewTests;
			productReference = 65F3BB5D2676297E0071A673 /* MyMoviewTests.xctest */;
			productType = "com.apple.product-type.bundle.unit-test";
		};
		65F3BB672676297E0071A673 /* MyMoviewUITests */ = {
			isa = PBXNativeTarget;
			buildConfigurationList = 65F3BB772676297E0071A673 /* Build configuration list for PBXNativeTarget "MyMoviewUITests" */;
			buildPhases = (
				595DFE951C7ECEE8E055CB2A /* [CP] Check Pods Manifest.lock */,
				65F3BB642676297E0071A673 /* Sources */,
				65F3BB652676297E0071A673 /* Frameworks */,
				65F3BB662676297E0071A673 /* Resources */,
				54A6BA323AC7613DBBF2B2DD /* [CP] Embed Pods Frameworks */,
			);
			buildRules = (
			);
			dependencies = (
				65F3BB6A2676297E0071A673 /* PBXTargetDependency */,
			);
			name = MyMoviewUITests;
			productName = MyMoviewUITests;
			productReference = 65F3BB682676297E0071A673 /* MyMoviewUITests.xctest */;
			productType = "com.apple.product-type.bundle.ui-testing";
		};
/* End PBXNativeTarget section */

/* Begin PBXProject section */
		65F3BB3F2676296E0071A673 /* Project object */ = {
			isa = PBXProject;
			attributes = {
				LastSwiftUpdateCheck = 1250;
				LastUpgradeCheck = 1250;
				TargetAttributes = {
					65F3BB462676296E0071A673 = {
						CreatedOnToolsVersion = 12.5;
					};
					65F3BB5C2676297E0071A673 = {
						CreatedOnToolsVersion = 12.5;
						TestTargetID = 65F3BB462676296E0071A673;
					};
					65F3BB672676297E0071A673 = {
						CreatedOnToolsVersion = 12.5;
						TestTargetID = 65F3BB462676296E0071A673;
					};
				};
			};
			buildConfigurationList = 65F3BB422676296E0071A673 /* Build configuration list for PBXProject "MyMoview" */;
			compatibilityVersion = "Xcode 9.3";
			developmentRegion = en;
			hasScannedForEncodings = 0;
			knownRegions = (
				en,
				Base,
			);
			mainGroup = 65F3BB3E2676296E0071A673;
			productRefGroup = 65F3BB482676296E0071A673 /* Products */;
			projectDirPath = "";
			projectRoot = "";
			targets = (
				65F3BB462676296E0071A673 /* MyMoview */,
				65F3BB5C2676297E0071A673 /* MyMoviewTests */,
				65F3BB672676297E0071A673 /* MyMoviewUITests */,
			);
		};
/* End PBXProject section */

/* Begin PBXResourcesBuildPhase section */
		65F3BB452676296E0071A673 /* Resources */ = {
			isa = PBXResourcesBuildPhase;
			buildActionMask = 2147483647;
			files = (
				65F3BB572676297D0071A673 /* LaunchScreen.storyboard in Resources */,
				65F3BB542676297D0071A673 /* Assets.xcassets in Resources */,
				65F3BB522676296F0071A673 /* Main.storyboard in Resources */,
			);
			runOnlyForDeploymentPostprocessing = 0;
		};
		65F3BB5B2676297E0071A673 /* Resources */ = {
			isa = PBXResourcesBuildPhase;
			buildActionMask = 2147483647;
			files = (
			);
			runOnlyForDeploymentPostprocessing = 0;
		};
		65F3BB662676297E0071A673 /* Resources */ = {
			isa = PBXResourcesBuildPhase;
			buildActionMask = 2147483647;
			files = (
			);
			runOnlyForDeploymentPostprocessing = 0;
		};
/* End PBXResourcesBuildPhase section */

/* Begin PBXShellScriptBuildPhase section */
		2108CE0FDDC52E6F7A9BA31C /* [CP] Embed Pods Frameworks */ = {
			isa = PBXShellScriptBuildPhase;
			buildActionMask = 2147483647;
			files = (
			);
			inputFileListPaths = (
				"${PODS_ROOT}/Target Support Files/Pods-MyMoviewTests/Pods-MyMoviewTests-frameworks-${CONFIGURATION}-input-files.xcfilelist",
			);
			name = "[CP] Embed Pods Frameworks";
			outputFileListPaths = (
				"${PODS_ROOT}/Target Support Files/Pods-MyMoviewTests/Pods-MyMoviewTests-frameworks-${CONFIGURATION}-output-files.xcfilelist",
			);
			runOnlyForDeploymentPostprocessing = 0;
			shellPath = /bin/sh;
			shellScript = "\"${PODS_ROOT}/Target Support Files/Pods-MyMoviewTests/Pods-MyMoviewTests-frameworks.sh\"\n";
			showEnvVarsInLog = 0;
		};
		4C190396CBA2EE78626DFC0D /* [CP] Embed Pods Frameworks */ = {
			isa = PBXShellScriptBuildPhase;
			buildActionMask = 2147483647;
			files = (
			);
			inputFileListPaths = (
				"${PODS_ROOT}/Target Support Files/Pods-MyMoview/Pods-MyMoview-frameworks-${CONFIGURATION}-input-files.xcfilelist",
			);
			name = "[CP] Embed Pods Frameworks";
			outputFileListPaths = (
				"${PODS_ROOT}/Target Support Files/Pods-MyMoview/Pods-MyMoview-frameworks-${CONFIGURATION}-output-files.xcfilelist",
			);
			runOnlyForDeploymentPostprocessing = 0;
			shellPath = /bin/sh;
			shellScript = "\"${PODS_ROOT}/Target Support Files/Pods-MyMoview/Pods-MyMoview-frameworks.sh\"\n";
			showEnvVarsInLog = 0;
		};
		54A6BA323AC7613DBBF2B2DD /* [CP] Embed Pods Frameworks */ = {
			isa = PBXShellScriptBuildPhase;
			buildActionMask = 2147483647;
			files = (
			);
			inputFileListPaths = (
				"${PODS_ROOT}/Target Support Files/Pods-MyMoview-MyMoviewUITests/Pods-MyMoview-MyMoviewUITests-frameworks-${CONFIGURATION}-input-files.xcfilelist",
			);
			name = "[CP] Embed Pods Frameworks";
			outputFileListPaths = (
				"${PODS_ROOT}/Target Support Files/Pods-MyMoview-MyMoviewUITests/Pods-MyMoview-MyMoviewUITests-frameworks-${CONFIGURATION}-output-files.xcfilelist",
			);
			runOnlyForDeploymentPostprocessing = 0;
			shellPath = /bin/sh;
			shellScript = "\"${PODS_ROOT}/Target Support Files/Pods-MyMoview-MyMoviewUITests/Pods-MyMoview-MyMoviewUITests-frameworks.sh\"\n";
			showEnvVarsInLog = 0;
		};
		595DFE951C7ECEE8E055CB2A /* [CP] Check Pods Manifest.lock */ = {
			isa = PBXShellScriptBuildPhase;
			buildActionMask = 2147483647;
			files = (
			);
			inputFileListPaths = (
			);
			inputPaths = (
				"${PODS_PODFILE_DIR_PATH}/Podfile.lock",
				"${PODS_ROOT}/Manifest.lock",
			);
			name = "[CP] Check Pods Manifest.lock";
			outputFileListPaths = (
			);
			outputPaths = (
				"$(DERIVED_FILE_DIR)/Pods-MyMoview-MyMoviewUITests-checkManifestLockResult.txt",
			);
			runOnlyForDeploymentPostprocessing = 0;
			shellPath = /bin/sh;
			shellScript = "diff \"${PODS_PODFILE_DIR_PATH}/Podfile.lock\" \"${PODS_ROOT}/Manifest.lock\" > /dev/null\nif [ $? != 0 ] ; then\n    # print error to STDERR\n    echo \"error: The sandbox is not in sync with the Podfile.lock. Run 'pod install' or update your CocoaPods installation.\" >&2\n    exit 1\nfi\n# This output is used by Xcode 'outputs' to avoid re-running this script phase.\necho \"SUCCESS\" > \"${SCRIPT_OUTPUT_FILE_0}\"\n";
			showEnvVarsInLog = 0;
		};
		B2F8121F56FFC6F8865D9943 /* [CP] Check Pods Manifest.lock */ = {
			isa = PBXShellScriptBuildPhase;
			buildActionMask = 2147483647;
			files = (
			);
			inputFileListPaths = (
			);
			inputPaths = (
				"${PODS_PODFILE_DIR_PATH}/Podfile.lock",
				"${PODS_ROOT}/Manifest.lock",
			);
			name = "[CP] Check Pods Manifest.lock";
			outputFileListPaths = (
			);
			outputPaths = (
				"$(DERIVED_FILE_DIR)/Pods-MyMoview-checkManifestLockResult.txt",
			);
			runOnlyForDeploymentPostprocessing = 0;
			shellPath = /bin/sh;
			shellScript = "diff \"${PODS_PODFILE_DIR_PATH}/Podfile.lock\" \"${PODS_ROOT}/Manifest.lock\" > /dev/null\nif [ $? != 0 ] ; then\n    # print error to STDERR\n    echo \"error: The sandbox is not in sync with the Podfile.lock. Run 'pod install' or update your CocoaPods installation.\" >&2\n    exit 1\nfi\n# This output is used by Xcode 'outputs' to avoid re-running this script phase.\necho \"SUCCESS\" > \"${SCRIPT_OUTPUT_FILE_0}\"\n";
			showEnvVarsInLog = 0;
		};
		E7F9E96BEA8646897F1CCA8C /* [CP] Check Pods Manifest.lock */ = {
			isa = PBXShellScriptBuildPhase;
			buildActionMask = 2147483647;
			files = (
			);
			inputFileListPaths = (
			);
			inputPaths = (
				"${PODS_PODFILE_DIR_PATH}/Podfile.lock",
				"${PODS_ROOT}/Manifest.lock",
			);
			name = "[CP] Check Pods Manifest.lock";
			outputFileListPaths = (
			);
			outputPaths = (
				"$(DERIVED_FILE_DIR)/Pods-MyMoviewTests-checkManifestLockResult.txt",
			);
			runOnlyForDeploymentPostprocessing = 0;
			shellPath = /bin/sh;
			shellScript = "diff \"${PODS_PODFILE_DIR_PATH}/Podfile.lock\" \"${PODS_ROOT}/Manifest.lock\" > /dev/null\nif [ $? != 0 ] ; then\n    # print error to STDERR\n    echo \"error: The sandbox is not in sync with the Podfile.lock. Run 'pod install' or update your CocoaPods installation.\" >&2\n    exit 1\nfi\n# This output is used by Xcode 'outputs' to avoid re-running this script phase.\necho \"SUCCESS\" > \"${SCRIPT_OUTPUT_FILE_0}\"\n";
			showEnvVarsInLog = 0;
		};
/* End PBXShellScriptBuildPhase section */

/* Begin PBXSourcesBuildPhase section */
		65F3BB432676296E0071A673 /* Sources */ = {
			isa = PBXSourcesBuildPhase;
			buildActionMask = 2147483647;
			files = (
				65F3BB7B26762AB60071A673 /* MoviesTableViewController.swift in Sources */,
				658E71A6267E1A9500EA5E3D /* PersonViewController.swift in Sources */,
				65A8BA6926907D4B00252E33 /* userModel.swift in Sources */,
				65A8BA6426905FC300252E33 /* MyPage.swift in Sources */,
				65F3BB4B2676296F0071A673 /* AppDelegate.swift in Sources */,
			);
			runOnlyForDeploymentPostprocessing = 0;
		};
		65F3BB592676297E0071A673 /* Sources */ = {
			isa = PBXSourcesBuildPhase;
			buildActionMask = 2147483647;
			files = (
				65F3BB7E267634E10071A673 /* MoviewTableViewControllerMock.swift in Sources */,
				658E71AA267E233D00EA5E3D /* PersonViewControllerMock.swift in Sources */,
				658E71A8267E21C000EA5E3D /* PersonViewControllerTest.swift in Sources */,
				65F3BB622676297E0071A673 /* MyMoviewTests.swift in Sources */,
			);
			runOnlyForDeploymentPostprocessing = 0;
		};
		65F3BB642676297E0071A673 /* Sources */ = {
			isa = PBXSourcesBuildPhase;
			buildActionMask = 2147483647;
			files = (
				65F3BB6D2676297E0071A673 /* MyMoviewUITests.swift in Sources */,
			);
			runOnlyForDeploymentPostprocessing = 0;
		};
/* End PBXSourcesBuildPhase section */

/* Begin PBXTargetDependency section */
		65F3BB5F2676297E0071A673 /* PBXTargetDependency */ = {
			isa = PBXTargetDependency;
			target = 65F3BB462676296E0071A673 /* MyMoview */;
			targetProxy = 65F3BB5E2676297E0071A673 /* PBXContainerItemProxy */;
		};
		65F3BB6A2676297E0071A673 /* PBXTargetDependency */ = {
			isa = PBXTargetDependency;
			target = 65F3BB462676296E0071A673 /* MyMoview */;
			targetProxy = 65F3BB692676297E0071A673 /* PBXContainerItemProxy */;
		};
/* End PBXTargetDependency section */

/* Begin PBXVariantGroup section */
		65F3BB502676296F0071A673 /* Main.storyboard */ = {
			isa = PBXVariantGroup;
			children = (
				65F3BB512676296F0071A673 /* Base */,
			);
			name = Main.storyboard;
			sourceTree = "<group>";
		};
		65F3BB552676297D0071A673 /* LaunchScreen.storyboard */ = {
			isa = PBXVariantGroup;
			children = (
				65F3BB562676297D0071A673 /* Base */,
			);
			name = LaunchScreen.storyboard;
			sourceTree = "<group>";
		};
/* End PBXVariantGroup section */

/* Begin XCBuildConfiguration section */
		65F3BB6F2676297E0071A673 /* Debug */ = {
			isa = XCBuildConfiguration;
			buildSettings = {
				ALWAYS_SEARCH_USER_PATHS = NO;
				CLANG_ANALYZER_NONNULL = YES;
				CLANG_ANALYZER_NUMBER_OBJECT_CONVERSION = YES_AGGRESSIVE;
				CLANG_CXX_LANGUAGE_STANDARD = "gnu++14";
				CLANG_CXX_LIBRARY = "libc++";
				CLANG_ENABLE_MODULES = YES;
				CLANG_ENABLE_OBJC_ARC = YES;
				CLANG_ENABLE_OBJC_WEAK = YES;
				CLANG_WARN_BLOCK_CAPTURE_AUTORELEASING = YES;
				CLANG_WARN_BOOL_CONVERSION = YES;
				CLANG_WARN_COMMA = YES;
				CLANG_WARN_CONSTANT_CONVERSION = YES;
				CLANG_WARN_DEPRECATED_OBJC_IMPLEMENTATIONS = YES;
				CLANG_WARN_DIRECT_OBJC_ISA_USAGE = YES_ERROR;
				CLANG_WARN_DOCUMENTATION_COMMENTS = YES;
				CLANG_WARN_EMPTY_BODY = YES;
				CLANG_WARN_ENUM_CONVERSION = YES;
				CLANG_WARN_INFINITE_RECURSION = YES;
				CLANG_WARN_INT_CONVERSION = YES;
				CLANG_WARN_NON_LITERAL_NULL_CONVERSION = YES;
				CLANG_WARN_OBJC_IMPLICIT_RETAIN_SELF = YES;
				CLANG_WARN_OBJC_LITERAL_CONVERSION = YES;
				CLANG_WARN_OBJC_ROOT_CLASS = YES_ERROR;
				CLANG_WARN_QUOTED_INCLUDE_IN_FRAMEWORK_HEADER = YES;
				CLANG_WARN_RANGE_LOOP_ANALYSIS = YES;
				CLANG_WARN_STRICT_PROTOTYPES = YES;
				CLANG_WARN_SUSPICIOUS_MOVE = YES;
				CLANG_WARN_UNGUARDED_AVAILABILITY = YES_AGGRESSIVE;
				CLANG_WARN_UNREACHABLE_CODE = YES;
				CLANG_WARN__DUPLICATE_METHOD_MATCH = YES;
				COPY_PHASE_STRIP = NO;
				DEBUG_INFORMATION_FORMAT = dwarf;
				ENABLE_STRICT_OBJC_MSGSEND = YES;
				ENABLE_TESTABILITY = YES;
				GCC_C_LANGUAGE_STANDARD = gnu11;
				GCC_DYNAMIC_NO_PIC = NO;
				GCC_NO_COMMON_BLOCKS = YES;
				GCC_OPTIMIZATION_LEVEL = 0;
				GCC_PREPROCESSOR_DEFINITIONS = (
					"DEBUG=1",
					"$(inherited)",
				);
				GCC_WARN_64_TO_32_BIT_CONVERSION = YES;
				GCC_WARN_ABOUT_RETURN_TYPE = YES_ERROR;
				GCC_WARN_UNDECLARED_SELECTOR = YES;
				GCC_WARN_UNINITIALIZED_AUTOS = YES_AGGRESSIVE;
				GCC_WARN_UNUSED_FUNCTION = YES;
				GCC_WARN_UNUSED_VARIABLE = YES;
				IPHONEOS_DEPLOYMENT_TARGET = 14.5;
				MTL_ENABLE_DEBUG_INFO = INCLUDE_SOURCE;
				MTL_FAST_MATH = YES;
				ONLY_ACTIVE_ARCH = YES;
				SDKROOT = iphoneos;
				SWIFT_ACTIVE_COMPILATION_CONDITIONS = DEBUG;
				SWIFT_OPTIMIZATION_LEVEL = "-Onone";
			};
			name = Debug;
		};
		65F3BB702676297E0071A673 /* Release */ = {
			isa = XCBuildConfiguration;
			buildSettings = {
				ALWAYS_SEARCH_USER_PATHS = NO;
				CLANG_ANALYZER_NONNULL = YES;
				CLANG_ANALYZER_NUMBER_OBJECT_CONVERSION = YES_AGGRESSIVE;
				CLANG_CXX_LANGUAGE_STANDARD = "gnu++14";
				CLANG_CXX_LIBRARY = "libc++";
				CLANG_ENABLE_MODULES = YES;
				CLANG_ENABLE_OBJC_ARC = YES;
				CLANG_ENABLE_OBJC_WEAK = YES;
				CLANG_WARN_BLOCK_CAPTURE_AUTORELEASING = YES;
				CLANG_WARN_BOOL_CONVERSION = YES;
				CLANG_WARN_COMMA = YES;
				CLANG_WARN_CONSTANT_CONVERSION = YES;
				CLANG_WARN_DEPRECATED_OBJC_IMPLEMENTATIONS = YES;
				CLANG_WARN_DIRECT_OBJC_ISA_USAGE = YES_ERROR;
				CLANG_WARN_DOCUMENTATION_COMMENTS = YES;
				CLANG_WARN_EMPTY_BODY = YES;
				CLANG_WARN_ENUM_CONVERSION = YES;
				CLANG_WARN_INFINITE_RECURSION = YES;
				CLANG_WARN_INT_CONVERSION = YES;
				CLANG_WARN_NON_LITERAL_NULL_CONVERSION = YES;
				CLANG_WARN_OBJC_IMPLICIT_RETAIN_SELF = YES;
				CLANG_WARN_OBJC_LITERAL_CONVERSION = YES;
				CLANG_WARN_OBJC_ROOT_CLASS = YES_ERROR;
				CLANG_WARN_QUOTED_INCLUDE_IN_FRAMEWORK_HEADER = YES;
				CLANG_WARN_RANGE_LOOP_ANALYSIS = YES;
				CLANG_WARN_STRICT_PROTOTYPES = YES;
				CLANG_WARN_SUSPICIOUS_MOVE = YES;
				CLANG_WARN_UNGUARDED_AVAILABILITY = YES_AGGRESSIVE;
				CLANG_WARN_UNREACHABLE_CODE = YES;
				CLANG_WARN__DUPLICATE_METHOD_MATCH = YES;
				COPY_PHASE_STRIP = NO;
				DEBUG_INFORMATION_FORMAT = "dwarf-with-dsym";
				ENABLE_NS_ASSERTIONS = NO;
				ENABLE_STRICT_OBJC_MSGSEND = YES;
				GCC_C_LANGUAGE_STANDARD = gnu11;
				GCC_NO_COMMON_BLOCKS = YES;
				GCC_WARN_64_TO_32_BIT_CONVERSION = YES;
				GCC_WARN_ABOUT_RETURN_TYPE = YES_ERROR;
				GCC_WARN_UNDECLARED_SELECTOR = YES;
				GCC_WARN_UNINITIALIZED_AUTOS = YES_AGGRESSIVE;
				GCC_WARN_UNUSED_FUNCTION = YES;
				GCC_WARN_UNUSED_VARIABLE = YES;
				IPHONEOS_DEPLOYMENT_TARGET = 14.5;
				MTL_ENABLE_DEBUG_INFO = NO;
				MTL_FAST_MATH = YES;
				SDKROOT = iphoneos;
				SWIFT_COMPILATION_MODE = wholemodule;
				SWIFT_OPTIMIZATION_LEVEL = "-O";
				VALIDATE_PRODUCT = YES;
			};
			name = Release;
		};
		65F3BB722676297E0071A673 /* Debug */ = {
			isa = XCBuildConfiguration;
			baseConfigurationReference = EEE3F0D0447B6EE43639A885 /* Pods-MyMoview.debug.xcconfig */;
			buildSettings = {
				ASSETCATALOG_COMPILER_APPICON_NAME = AppIcon;
				ASSETCATALOG_COMPILER_GLOBAL_ACCENT_COLOR_NAME = AccentColor;
				CODE_SIGN_IDENTITY = "iPhone Developer";
				CODE_SIGN_STYLE = Manual;
				DEVELOPMENT_TEAM = BUSLFV36ZF;
				INFOPLIST_FILE = MyMoview/Info.plist;
				IPHONEOS_DEPLOYMENT_TARGET = 10.0;
				LD_RUNPATH_SEARCH_PATHS = (
					"$(inherited)",
					"@executable_path/Frameworks",
				);
				PRODUCT_BUNDLE_IDENTIFIER = com.apple.MyMoview;
				PRODUCT_NAME = "$(TARGET_NAME)";
				PROVISIONING_PROFILE_SPECIFIER = shoude_Dev_1119;
				SWIFT_VERSION = 5.0;
				TARGETED_DEVICE_FAMILY = "1,2";
			};
			name = Debug;
		};
		65F3BB732676297E0071A673 /* Release */ = {
			isa = XCBuildConfiguration;
			baseConfigurationReference = CBB09E393F5E214F0C5E9DB9 /* Pods-MyMoview.release.xcconfig */;
			buildSettings = {
				ASSETCATALOG_COMPILER_APPICON_NAME = AppIcon;
				ASSETCATALOG_COMPILER_GLOBAL_ACCENT_COLOR_NAME = AccentColor;
				CODE_SIGN_IDENTITY = "iPhone Developer";
				CODE_SIGN_STYLE = Manual;
				DEVELOPMENT_TEAM = BUSLFV36ZF;
				INFOPLIST_FILE = MyMoview/Info.plist;
				IPHONEOS_DEPLOYMENT_TARGET = 10.0;
				LD_RUNPATH_SEARCH_PATHS = (
					"$(inherited)",
					"@executable_path/Frameworks",
				);
				PRODUCT_BUNDLE_IDENTIFIER = com.apple.MyMoview;
				PRODUCT_NAME = "$(TARGET_NAME)";
				PROVISIONING_PROFILE_SPECIFIER = shoude_Dev_1119;
				SWIFT_VERSION = 5.0;
				TARGETED_DEVICE_FAMILY = "1,2";
			};
			name = Release;
		};
		65F3BB752676297E0071A673 /* Debug */ = {
			isa = XCBuildConfiguration;
			baseConfigurationReference = 513E5E694FBBF11F91845832 /* Pods-MyMoviewTests.debug.xcconfig */;
			buildSettings = {
				ALWAYS_EMBED_SWIFT_STANDARD_LIBRARIES = YES;
				BUNDLE_LOADER = "$(TEST_HOST)";
				"CODE_SIGN_IDENTITY[sdk=macosx*]" = "-";
				CODE_SIGN_STYLE = Manual;
				DEVELOPMENT_TEAM = 784CA86VY9;
				INFOPLIST_FILE = MyMoviewTests/Info.plist;
				IPHONEOS_DEPLOYMENT_TARGET = 9.0;
				LD_RUNPATH_SEARCH_PATHS = (
					"$(inherited)",
					"@executable_path/Frameworks",
					"@loader_path/Frameworks",
				);
				PRODUCT_BUNDLE_IDENTIFIER = com.apple.MyMoviewTests;
				PRODUCT_NAME = "$(TARGET_NAME)";
				PROVISIONING_PROFILE_SPECIFIER = "";
				"PROVISIONING_PROFILE_SPECIFIER[sdk=macosx*]" = "";
				SWIFT_VERSION = 5.0;
				TARGETED_DEVICE_FAMILY = "1,2";
				TEST_HOST = "$(BUILT_PRODUCTS_DIR)/MyMoview.app/MyMoview";
			};
			name = Debug;
		};
		65F3BB762676297E0071A673 /* Release */ = {
			isa = XCBuildConfiguration;
			baseConfigurationReference = 119FDDCABE7EB7C138781DD5 /* Pods-MyMoviewTests.release.xcconfig */;
			buildSettings = {
				ALWAYS_EMBED_SWIFT_STANDARD_LIBRARIES = YES;
				BUNDLE_LOADER = "$(TEST_HOST)";
				"CODE_SIGN_IDENTITY[sdk=macosx*]" = "-";
				CODE_SIGN_STYLE = Manual;
				DEVELOPMENT_TEAM = 784CA86VY9;
				INFOPLIST_FILE = MyMoviewTests/Info.plist;
				IPHONEOS_DEPLOYMENT_TARGET = 9.0;
				LD_RUNPATH_SEARCH_PATHS = (
					"$(inherited)",
					"@executable_path/Frameworks",
					"@loader_path/Frameworks",
				);
				PRODUCT_BUNDLE_IDENTIFIER = com.apple.MyMoviewTests;
				PRODUCT_NAME = "$(TARGET_NAME)";
				PROVISIONING_PROFILE_SPECIFIER = "";
				"PROVISIONING_PROFILE_SPECIFIER[sdk=macosx*]" = "";
				SWIFT_VERSION = 5.0;
				TARGETED_DEVICE_FAMILY = "1,2";
				TEST_HOST = "$(BUILT_PRODUCTS_DIR)/MyMoview.app/MyMoview";
			};
			name = Release;
		};
		65F3BB782676297E0071A673 /* Debug */ = {
			isa = XCBuildConfiguration;
			baseConfigurationReference = E6D020FB10F3E207E5CBB8A4 /* Pods-MyMoview-MyMoviewUITests.debug.xcconfig */;
			buildSettings = {
				ALWAYS_EMBED_SWIFT_STANDARD_LIBRARIES = YES;
				CODE_SIGN_IDENTITY = "iPhone Developer";
				"CODE_SIGN_IDENTITY[sdk=macosx*]" = "-";
				CODE_SIGN_STYLE = Manual;
				DEVELOPMENT_TEAM = BUSLFV36ZF;
				INFOPLIST_FILE = MyMoviewUITests/Info.plist;
				IPHONEOS_DEPLOYMENT_TARGET = 9.0;
				LD_RUNPATH_SEARCH_PATHS = (
					"$(inherited)",
					"@executable_path/Frameworks",
					"@loader_path/Frameworks",
				);
				PRODUCT_BUNDLE_IDENTIFIER = com.apple.MyMoviewUITests;
				PRODUCT_NAME = "$(TARGET_NAME)";
				PROVISIONING_PROFILE_SPECIFIER = shoude_Dev_1119;
				"PROVISIONING_PROFILE_SPECIFIER[sdk=macosx*]" = "";
				SWIFT_VERSION = 5.0;
				TARGETED_DEVICE_FAMILY = "1,2";
				TEST_TARGET_NAME = MyMoview;
			};
			name = Debug;
		};
		65F3BB792676297E0071A673 /* Release */ = {
			isa = XCBuildConfiguration;
			baseConfigurationReference = 703F0AB37BFFEEDB0DDC04A6 /* Pods-MyMoview-MyMoviewUITests.release.xcconfig */;
			buildSettings = {
				ALWAYS_EMBED_SWIFT_STANDARD_LIBRARIES = YES;
				CODE_SIGN_IDENTITY = "iPhone Developer";
				"CODE_SIGN_IDENTITY[sdk=macosx*]" = "-";
				CODE_SIGN_STYLE = Manual;
				DEVELOPMENT_TEAM = BUSLFV36ZF;
				INFOPLIST_FILE = MyMoviewUITests/Info.plist;
				IPHONEOS_DEPLOYMENT_TARGET = 9.0;
				LD_RUNPATH_SEARCH_PATHS = (
					"$(inherited)",
					"@executable_path/Frameworks",
					"@loader_path/Frameworks",
				);
				PRODUCT_BUNDLE_IDENTIFIER = com.apple.MyMoviewUITests;
				PRODUCT_NAME = "$(TARGET_NAME)";
				PROVISIONING_PROFILE_SPECIFIER = shoude_Dev_1119;
				"PROVISIONING_PROFILE_SPECIFIER[sdk=macosx*]" = "";
				SWIFT_VERSION = 5.0;
				TARGETED_DEVICE_FAMILY = "1,2";
				TEST_TARGET_NAME = MyMoview;
			};
			name = Release;
		};
/* End XCBuildConfiguration section */

/* Begin XCConfigurationList section */
		65F3BB422676296E0071A673 /* Build configuration list for PBXProject "MyMoview" */ = {
			isa = XCConfigurationList;
			buildConfigurations = (
				65F3BB6F2676297E0071A673 /* Debug */,
				65F3BB702676297E0071A673 /* Release */,
			);
			defaultConfigurationIsVisible = 0;
			defaultConfigurationName = Release;
		};
		65F3BB712676297E0071A673 /* Build configuration list for PBXNativeTarget "MyMoview" */ = {
			isa = XCConfigurationList;
			buildConfigurations = (
				65F3BB722676297E0071A673 /* Debug */,
				65F3BB732676297E0071A673 /* Release */,
			);
			defaultConfigurationIsVisible = 0;
			defaultConfigurationName = Release;
		};
		65F3BB742676297E0071A673 /* Build configuration list for PBXNativeTarget "MyMoviewTests" */ = {
			isa = XCConfigurationList;
			buildConfigurations = (
				65F3BB752676297E0071A673 /* Debug */,
				65F3BB762676297E0071A673 /* Release */,
			);
			defaultConfigurationIsVisible = 0;
			defaultConfigurationName = Release;
		};
		65F3BB772676297E0071A673 /* Build configuration list for PBXNativeTarget "MyMoviewUITests" */ = {
			isa = XCConfigurationList;
			buildConfigurations = (
				65F3BB782676297E0071A673 /* Debug */,
				65F3BB792676297E0071A673 /* Release */,
			);
			defaultConfigurationIsVisible = 0;
			defaultConfigurationName = Release;
		};
/* End XCConfigurationList section */
	};
	rootObject = 65F3BB3F2676296E0071A673 /* Project object */;
}
